
Microsoft Visual Studio Solution File, Format Version 12.00
# Visual Studio Version 17
VisualStudioVersion = 17.11.35312.102
MinimumVisualStudioVersion = 10.0.40219.1
Project("{FAE04EC0-301F-11D3-BF4B-00C04F79EFBC}") = "ConsoleApp1", "ConsoleApp1\ConsoleApp1.csproj", "{BB7B5F2F-C1A0-4307-B71A-2702A74092E4}"
EndProject
Project("{E53339B2-1760-4266-BCC7-CA923CBCF16C}") = "docker-compose", "docker-compose.dcproj", "{4623A6E1-277E-4319-8F11-7EB525981755}"
EndProject
Project("{FAE04EC0-301F-11D3-BF4B-00C04F79EFBC}") = "ConsoleApp2", "ConsoleApp2\ConsoleApp2.csproj", "{9F305AA7-351F-4DA4-B39D-0ECA30C10E9F}"
EndProject
Global
	GlobalSection(SolutionConfigurationPlatforms) = preSolution
		Debug|Any CPU = Debug|Any CPU
		Release|Any CPU = Release|Any CPU
	EndGlobalSection
	GlobalSection(ProjectConfigurationPlatforms) = postSolution
		{BB7B5F2F-C1A0-4307-B71A-2702A74092E4}.Debug|Any CPU.ActiveCfg = Debug|Any CPU
		{BB7B5F2F-C1A0-4307-B71A-2702A74092E4}.Debug|Any CPU.Build.0 = Debug|Any CPU
		{BB7B5F2F-C1A0-4307-B71A-2702A74092E4}.Release|Any CPU.ActiveCfg = Release|Any CPU
		{BB7B5F2F-C1A0-4307-B71A-2702A74092E4}.Release|Any CPU.Build.0 = Release|Any CPU
		{4623A6E1-277E-4319-8F11-7EB525981755}.Debug|Any CPU.ActiveCfg = Debug|Any CPU
		{4623A6E1-277E-4319-8F11-7EB525981755}.Debug|Any CPU.Build.0 = Debug|Any CPU
		{4623A6E1-277E-4319-8F11-7EB525981755}.Release|Any CPU.ActiveCfg = Release|Any CPU
		{4623A6E1-277E-4319-8F11-7EB525981755}.Release|Any CPU.Build.0 = Release|Any CPU
		{9F305AA7-351F-4DA4-B39D-0ECA30C10E9F}.Debug|Any CPU.ActiveCfg = Debug|Any CPU
		{9F305AA7-351F-4DA4-B39D-0ECA30C10E9F}.Debug|Any CPU.Build.0 = Debug|Any CPU
		{9F305AA7-351F-4DA4-B39D-0ECA30C10E9F}.Release|Any CPU.ActiveCfg = Release|Any CPU
		{9F305AA7-351F-4DA4-B39D-0ECA30C10E9F}.Release|Any CPU.Build.0 = Release|Any CPU
	EndGlobalSection
	GlobalSection(SolutionProperties) = preSolution
		HideSolutionNode = FALSE
	EndGlobalSection
	GlobalSection(ExtensibilityGlobals) = postSolution
		SolutionGuid = {87ED61AC-7452-4495-8756-56E899F7CD5A}
	EndGlobalSection
EndGlobal
