
Microsoft Visual Studio Solution File, Format Version 12.00
# Visual Studio Version 17
VisualStudioVersion = 17.11.35312.102
MinimumVisualStudioVersion = 10.0.40219.1
Project("{FAE04EC0-301F-11D3-BF4B-00C04F79EFBC}") = "pipeline", "pipeline\pipeline.csproj", "{9AF86094-DB34-4D50-9F1F-E21D93E45119}"
EndProject
Global
	GlobalSection(SolutionConfigurationPlatforms) = preSolution
		Debug|Any CPU = Debug|Any CPU
		Release|Any CPU = Release|Any CPU
	EndGlobalSection
	GlobalSection(ProjectConfigurationPlatforms) = postSolution
		{9AF86094-DB34-4D50-9F1F-E21D93E45119}.Debug|Any CPU.ActiveCfg = Debug|Any CPU
		{9AF86094-DB34-4D50-9F1F-E21D93E45119}.Debug|Any CPU.Build.0 = Debug|Any CPU
		{9AF86094-DB34-4D50-9F1F-E21D93E45119}.Release|Any CPU.ActiveCfg = Release|Any CPU
		{9AF86094-DB34-4D50-9F1F-E21D93E45119}.Release|Any CPU.Build.0 = Release|Any CPU
	EndGlobalSection
	GlobalSection(SolutionProperties) = preSolution
		HideSolutionNode = FALSE
	EndGlobalSection
	GlobalSection(ExtensibilityGlobals) = postSolution
		SolutionGuid = {9466BDEF-0272-4B5F-8499-159704599DB7}
	EndGlobalSection
EndGlobal
